<?xml version="1.0" encoding="utf-8"?>
<Project ToolsVersion="17.0" xmlns="http://schemas.microsoft.com/developer/msbuild/2003">
  <ItemGroup>
    <ClCompile Include="C:\Users\GGPC\Downloads\CGRA350 Group Project\CGRA350_Group_Project\CGRA350_Framework\work\ext\stb\stb.c">
      <Filter>Source Files</Filter>
    </ClCompile>
  </ItemGroup>
  <ItemGroup>
    <CustomBuild Include="C:\Users\GGPC\Downloads\CGRA350 Group Project\CGRA350_Group_Project\CGRA350_Framework\work\ext\stb\CMakeLists.txt" />
  </ItemGroup>
  <ItemGroup>
    <Filter Include="Source Files">
      <UniqueIdentifier>{36299700-A0A5-317F-87E4-B31418FAE7D1}</UniqueIdentifier>
    </Filter>
  </ItemGroup>
</Project>
