<?xml version="1.0" encoding="utf-8"?>
<Project ToolsVersion="17.0" xmlns="http://schemas.microsoft.com/developer/msbuild/2003">
  <ItemGroup>
    <CustomBuild Include="C:\Users\GGPC\Downloads\CGRA350 Group Project\CGRA350_Group_Project\CGRA350_Framework\CMakeFiles\ddc5a96a5de1d0ad13bee1cdb0ee5c43\INSTALL_force.rule">
      <Filter>CMake Rules</Filter>
    </CustomBuild>
  </ItemGroup>
  <ItemGroup>
    <Filter Include="CMake Rules">
      <UniqueIdentifier>{5B869716-88B3-3D7B-AD17-EAEC13958642}</UniqueIdentifier>
    </Filter>
  </ItemGroup>
</Project>
