<?xml version="1.0" encoding="utf-8"?>
<Project ToolsVersion="17.0" xmlns="http://schemas.microsoft.com/developer/msbuild/2003">
  <ItemGroup>
    <ClCompile Include="C:\Users\GGPC\Downloads\CGRA350 Group Project\CGRA350_Group_Project\CGRA350_Framework\work\src\application.cpp">
      <Filter>src</Filter>
    </ClCompile>
    <ClCompile Include="C:\Users\GGPC\Downloads\CGRA350 Group Project\CGRA350_Group_Project\CGRA350_Framework\work\src\main.cpp">
      <Filter>src</Filter>
    </ClCompile>
    <ClCompile Include="C:\Users\GGPC\Downloads\CGRA350 Group Project\CGRA350_Group_Project\CGRA350_Framework\work\src\cgra\cgra_geometry.cpp">
      <Filter>src\cgra</Filter>
    </ClCompile>
    <ClCompile Include="C:\Users\GGPC\Downloads\CGRA350 Group Project\CGRA350_Group_Project\CGRA350_Framework\work\src\cgra\cgra_gui.cpp">
      <Filter>src\cgra</Filter>
    </ClCompile>
    <ClCompile Include="C:\Users\GGPC\Downloads\CGRA350 Group Project\CGRA350_Group_Project\CGRA350_Framework\work\src\cgra\cgra_mesh.cpp">
      <Filter>src\cgra</Filter>
    </ClCompile>
    <ClCompile Include="C:\Users\GGPC\Downloads\CGRA350 Group Project\CGRA350_Group_Project\CGRA350_Framework\work\src\cgra\cgra_shader.cpp">
      <Filter>src\cgra</Filter>
    </ClCompile>
    <ClCompile Include="..\work\src\SlimeSimulation\SlimeBlock.cpp">
      <Filter>src\SlimeSimulation</Filter>
    </ClCompile>
  </ItemGroup>
  <ItemGroup>
    <ClInclude Include="C:\Users\GGPC\Downloads\CGRA350 Group Project\CGRA350_Group_Project\CGRA350_Framework\work\src\application.hpp">
      <Filter>src</Filter>
    </ClInclude>
    <ClInclude Include="C:\Users\GGPC\Downloads\CGRA350 Group Project\CGRA350_Group_Project\CGRA350_Framework\work\src\opengl.hpp">
      <Filter>src</Filter>
    </ClInclude>
    <ClInclude Include="C:\Users\GGPC\Downloads\CGRA350 Group Project\CGRA350_Group_Project\CGRA350_Framework\work\src\cgra\cgra_geometry.hpp">
      <Filter>src\cgra</Filter>
    </ClInclude>
    <ClInclude Include="C:\Users\GGPC\Downloads\CGRA350 Group Project\CGRA350_Group_Project\CGRA350_Framework\work\src\cgra\cgra_gui.hpp">
      <Filter>src\cgra</Filter>
    </ClInclude>
    <ClInclude Include="C:\Users\GGPC\Downloads\CGRA350 Group Project\CGRA350_Group_Project\CGRA350_Framework\work\src\cgra\cgra_image.hpp">
      <Filter>src\cgra</Filter>
    </ClInclude>
    <ClInclude Include="C:\Users\GGPC\Downloads\CGRA350 Group Project\CGRA350_Group_Project\CGRA350_Framework\work\src\cgra\cgra_mesh.hpp">
      <Filter>src\cgra</Filter>
    </ClInclude>
    <ClInclude Include="C:\Users\GGPC\Downloads\CGRA350 Group Project\CGRA350_Group_Project\CGRA350_Framework\work\src\cgra\cgra_shader.hpp">
      <Filter>src\cgra</Filter>
    </ClInclude>
    <ClInclude Include="C:\Users\GGPC\Downloads\CGRA350 Group Project\CGRA350_Group_Project\CGRA350_Framework\work\src\cgra\cgra_wavefront.hpp">
      <Filter>src\cgra</Filter>
    </ClInclude>
    <ClInclude Include="..\work\src\SlimeSimulation\SlimeBlock.hpp">
      <Filter>src\SlimeSimulation</Filter>
    </ClInclude>
  </ItemGroup>
  <ItemGroup>
    <CustomBuild Include="C:\Users\GGPC\Downloads\CGRA350 Group Project\CGRA350_Group_Project\CGRA350_Framework\work\src\CMakeLists.txt">
      <Filter>src</Filter>
    </CustomBuild>
  </ItemGroup>
  <ItemGroup>
    <None Include="C:\Users\GGPC\Downloads\CGRA350 Group Project\CGRA350_Group_Project\CGRA350_Framework\work\src\cgra\CMakeLists.txt">
      <Filter>src\cgra</Filter>
    </None>
  </ItemGroup>
  <ItemGroup>
    <Filter Include="src">
      <UniqueIdentifier>{4536A482-A763-385D-A5BA-8ABEB462ED31}</UniqueIdentifier>
    </Filter>
    <Filter Include="src\cgra">
      <UniqueIdentifier>{B8D26D51-125C-3599-9291-BBB6C1478395}</UniqueIdentifier>
    </Filter>
    <Filter Include="src\SlimeSimulation">
      <UniqueIdentifier>{626fc691-d49a-407f-addb-158a2c1a8bd5}</UniqueIdentifier>
    </Filter>
    <Filter Include="src\ProceduralEnvironment">
      <UniqueIdentifier>{7a824845-2ed1-4952-b0e9-84b6df9f7a9f}</UniqueIdentifier>
    </Filter>
  </ItemGroup>
</Project>